
Microsoft Visual Studio Solution File, Format Version 12.00
# Visual Studio Version 16
VisualStudioVersion = 16.0.29613.14
MinimumVisualStudioVersion = 10.0.40219.1
Project("{9A19103F-16F7-4668-BE54-9A1E7A4F7556}") = "JsonConfig", "JsonConfig\JsonConfig.csproj", "{10095092-E1E5-441F-9380-B6329F3CFEB4}"
EndProject
Project("{FAE04EC0-301F-11D3-BF4B-00C04F79EFBC}") = "JsonConfig.Tests", "JsonConfig.Tests\JsonConfig.Tests.csproj", "{402F5791-B95A-4226-A3B1-5961B24AED2D}"
EndProject
Project("{9A19103F-16F7-4668-BE54-9A1E7A4F7556}") = "_build", "build\_build.csproj", "{70F8D733-8F56-41FE-B42C-3FEBCADC3E7F}"
EndProject
Global
	GlobalSection(SolutionConfigurationPlatforms) = preSolution
		Debug|Any CPU = Debug|Any CPU
		Debug|x86 = Debug|x86
		Default|Any CPU = Default|Any CPU
		Default|x86 = Default|x86
		Release|Any CPU = Release|Any CPU
		Release|x86 = Release|x86
	EndGlobalSection
	GlobalSection(ProjectConfigurationPlatforms) = postSolution
		{10095092-E1E5-441F-9380-B6329F3CFEB4}.Debug|Any CPU.ActiveCfg = Debug|Any CPU
		{10095092-E1E5-441F-9380-B6329F3CFEB4}.Debug|Any CPU.Build.0 = Debug|Any CPU
		{10095092-E1E5-441F-9380-B6329F3CFEB4}.Debug|x86.ActiveCfg = Debug|Any CPU
		{10095092-E1E5-441F-9380-B6329F3CFEB4}.Debug|x86.Build.0 = Debug|Any CPU
		{10095092-E1E5-441F-9380-B6329F3CFEB4}.Default|Any CPU.ActiveCfg = Debug|Any CPU
		{10095092-E1E5-441F-9380-B6329F3CFEB4}.Default|Any CPU.Build.0 = Debug|Any CPU
		{10095092-E1E5-441F-9380-B6329F3CFEB4}.Default|x86.ActiveCfg = Debug|Any CPU
		{10095092-E1E5-441F-9380-B6329F3CFEB4}.Default|x86.Build.0 = Debug|Any CPU
		{10095092-E1E5-441F-9380-B6329F3CFEB4}.Release|Any CPU.ActiveCfg = Release|Any CPU
		{10095092-E1E5-441F-9380-B6329F3CFEB4}.Release|Any CPU.Build.0 = Release|Any CPU
		{10095092-E1E5-441F-9380-B6329F3CFEB4}.Release|x86.ActiveCfg = Release|Any CPU
		{10095092-E1E5-441F-9380-B6329F3CFEB4}.Release|x86.Build.0 = Release|Any CPU
		{402F5791-B95A-4226-A3B1-5961B24AED2D}.Debug|Any CPU.ActiveCfg = Debug|Any CPU
		{402F5791-B95A-4226-A3B1-5961B24AED2D}.Debug|Any CPU.Build.0 = Debug|Any CPU
		{402F5791-B95A-4226-A3B1-5961B24AED2D}.Debug|x86.ActiveCfg = Debug|Any CPU
		{402F5791-B95A-4226-A3B1-5961B24AED2D}.Debug|x86.Build.0 = Debug|Any CPU
		{402F5791-B95A-4226-A3B1-5961B24AED2D}.Default|Any CPU.ActiveCfg = Debug|Any CPU
		{402F5791-B95A-4226-A3B1-5961B24AED2D}.Default|Any CPU.Build.0 = Debug|Any CPU
		{402F5791-B95A-4226-A3B1-5961B24AED2D}.Default|x86.ActiveCfg = Debug|Any CPU
		{402F5791-B95A-4226-A3B1-5961B24AED2D}.Default|x86.Build.0 = Debug|Any CPU
		{402F5791-B95A-4226-A3B1-5961B24AED2D}.Release|Any CPU.ActiveCfg = Release|Any CPU
		{402F5791-B95A-4226-A3B1-5961B24AED2D}.Release|x86.ActiveCfg = Release|Any CPU
		{402F5791-B95A-4226-A3B1-5961B24AED2D}.Release|x86.Build.0 = Release|Any CPU
		{70F8D733-8F56-41FE-B42C-3FEBCADC3E7F}.Debug|Any CPU.ActiveCfg = Debug|Any CPU
		{70F8D733-8F56-41FE-B42C-3FEBCADC3E7F}.Debug|x86.ActiveCfg = Debug|Any CPU
		{70F8D733-8F56-41FE-B42C-3FEBCADC3E7F}.Debug|x86.Build.0 = Debug|Any CPU
		{70F8D733-8F56-41FE-B42C-3FEBCADC3E7F}.Default|Any CPU.ActiveCfg = Debug|Any CPU
		{70F8D733-8F56-41FE-B42C-3FEBCADC3E7F}.Default|Any CPU.Build.0 = Debug|Any CPU
		{70F8D733-8F56-41FE-B42C-3FEBCADC3E7F}.Default|x86.ActiveCfg = Debug|Any CPU
		{70F8D733-8F56-41FE-B42C-3FEBCADC3E7F}.Default|x86.Build.0 = Debug|Any CPU
		{70F8D733-8F56-41FE-B42C-3FEBCADC3E7F}.Release|Any CPU.ActiveCfg = Release|Any CPU
		{70F8D733-8F56-41FE-B42C-3FEBCADC3E7F}.Release|x86.ActiveCfg = Release|Any CPU
		{70F8D733-8F56-41FE-B42C-3FEBCADC3E7F}.Release|x86.Build.0 = Release|Any CPU
	EndGlobalSection
	GlobalSection(SolutionProperties) = preSolution
		HideSolutionNode = FALSE
	EndGlobalSection
	GlobalSection(ExtensibilityGlobals) = postSolution
		SolutionGuid = {E24313D2-D1D2-4877-965C-17348744DEDA}
	EndGlobalSection
	GlobalSection(MonoDevelopProperties) = preSolution
		StartupItem = JsonConfig.Tests\JsonConfig.Tests.csproj
	EndGlobalSection
EndGlobal
